
Microsoft Visual Studio Solution File, Format Version 12.00
# Visual Studio Version 16
VisualStudioVersion = 16.0.30413.136
MinimumVisualStudioVersion = 10.0.40219.1
Project("{FAE04EC0-301F-11D3-BF4B-00C04F79EFBC}") = "ShipMedicineFast", "ShipMedicineFast\ShipMedicineFast.csproj", "{7578D76C-EA2E-4872-834A-0221D5B7D533}"
EndProject
Global
	GlobalSection(SolutionConfigurationPlatforms) = preSolution
		Debug|Any CPU = Debug|Any CPU
		Release|Any CPU = Release|Any CPU
	EndGlobalSection
	GlobalSection(ProjectConfigurationPlatforms) = postSolution
		{7578D76C-EA2E-4872-834A-0221D5B7D533}.Debug|Any CPU.ActiveCfg = Debug|Any CPU
		{7578D76C-EA2E-4872-834A-0221D5B7D533}.Debug|Any CPU.Build.0 = Debug|Any CPU
		{7578D76C-EA2E-4872-834A-0221D5B7D533}.Release|Any CPU.ActiveCfg = Release|Any CPU
		{7578D76C-EA2E-4872-834A-0221D5B7D533}.Release|Any CPU.Build.0 = Release|Any CPU
	EndGlobalSection
	GlobalSection(SolutionProperties) = preSolution
		HideSolutionNode = FALSE
	EndGlobalSection
	GlobalSection(ExtensibilityGlobals) = postSolution
		SolutionGuid = {DF6461DE-FE44-4B69-A573-9025030313D5}
	EndGlobalSection
EndGlobal
